
Microsoft Visual Studio Solution File, Format Version 12.00
# Visual Studio Version 17
VisualStudioVersion = 17.11.35327.3
MinimumVisualStudioVersion = 10.0.40219.1
Project("{FAE04EC0-301F-11D3-BF4B-00C04F79EFBC}") = "BankAccountMonolithicMonouser", "BankAccountMonolithicMonouser\BankAccountMonolithicMonouser.csproj", "{B90634F8-DF12-4815-A9F4-C5D85E74636A}"
EndProject
Global
	GlobalSection(SolutionConfigurationPlatforms) = preSolution
		Debug|Any CPU = Debug|Any CPU
		Release|Any CPU = Release|Any CPU
	EndGlobalSection
	GlobalSection(ProjectConfigurationPlatforms) = postSolution
		{B90634F8-DF12-4815-A9F4-C5D85E74636A}.Debug|Any CPU.ActiveCfg = Debug|Any CPU
		{B90634F8-DF12-4815-A9F4-C5D85E74636A}.Debug|Any CPU.Build.0 = Debug|Any CPU
		{B90634F8-DF12-4815-A9F4-C5D85E74636A}.Release|Any CPU.ActiveCfg = Release|Any CPU
		{B90634F8-DF12-4815-A9F4-C5D85E74636A}.Release|Any CPU.Build.0 = Release|Any CPU
	EndGlobalSection
	GlobalSection(SolutionProperties) = preSolution
		HideSolutionNode = FALSE
	EndGlobalSection
	GlobalSection(ExtensibilityGlobals) = postSolution
		SolutionGuid = {C6A63557-86CA-4468-9005-26A5909E060C}
	EndGlobalSection
EndGlobal
