
Microsoft Visual Studio Solution File, Format Version 12.00
# Visual Studio Version 17
VisualStudioVersion = 17.11.35327.3
MinimumVisualStudioVersion = 10.0.40219.1
Project("{2150E333-8FDC-42A3-9474-1A3956D46DE8}") = "1-DistributedServices", "1-DistributedServices", "{BC78A76A-5F6F-4E9B-99A6-EFFE35880C5D}"
EndProject
Project("{2150E333-8FDC-42A3-9474-1A3956D46DE8}") = "2-Library", "2-Library", "{81E1C4BB-F3AE-4106-A348-966AD21236B8}"
EndProject
Project("{2150E333-8FDC-42A3-9474-1A3956D46DE8}") = "3-Domain", "3-Domain", "{DCBF07CE-BBE0-4635-B722-744D2CC8CE12}"
EndProject
Project("{2150E333-8FDC-42A3-9474-1A3956D46DE8}") = "4-Infrastructure", "4-Infrastructure", "{915318C5-CE25-4E87-B365-73DDC5C29E10}"
EndProject
Project("{2150E333-8FDC-42A3-9474-1A3956D46DE8}") = "5-XCutting", "5-XCutting", "{E1446377-8183-43C5-8345-D8AD766564C8}"
EndProject
Project("{2150E333-8FDC-42A3-9474-1A3956D46DE8}") = "6-Testing", "6-Testing", "{B8E3A697-24C0-4A92-BD40-678869E498B1}"
EndProject
Project("{FAE04EC0-301F-11D3-BF4B-00C04F79EFBC}") = "SWApi.Domain", "SWApi.Domain\SWApi.Domain.csproj", "{7D357CAF-D191-4711-A158-5CCBD05174C1}"
EndProject
Project("{FAE04EC0-301F-11D3-BF4B-00C04F79EFBC}") = "SWApi.Infrastructure.Contracts", "SWApi.Infrastructure.Contracts\SWApi.Infrastructure.Contracts.csproj", "{8E450B25-C3EC-4489-9D4C-A1B9B4EFB162}"
EndProject
Project("{FAE04EC0-301F-11D3-BF4B-00C04F79EFBC}") = "SWApi.Infrastructure.Impl", "SWApi.Infrastructure.Impl\SWApi.Infrastructure.Impl.csproj", "{9ABCF7F1-042D-45D7-821C-0332BD3AB25E}"
EndProject
Project("{FAE04EC0-301F-11D3-BF4B-00C04F79EFBC}") = "SWApi.WebAPI", "SWApi.WebAPI\SWApi.WebAPI.csproj", "{FEEB04F6-FE91-4CCA-88D9-84C3CC531783}"
EndProject
Project("{FAE04EC0-301F-11D3-BF4B-00C04F79EFBC}") = "SWApi.UnitTests", "SWApi.UnitTests\SWApi.UnitTests.csproj", "{531C76E2-2FD2-476E-8EB9-1C6DB0F169F0}"
EndProject
Project("{FAE04EC0-301F-11D3-BF4B-00C04F79EFBC}") = "SWApi.IntegrationTests", "SWApi.IntegrationTests\SWApi.IntegrationTests.csproj", "{BFF8591F-A832-4618-ADE4-70E818F535D9}"
EndProject
Project("{FAE04EC0-301F-11D3-BF4B-00C04F79EFBC}") = "SWApi.Services.Contracts", "SWApi.Services.Contracts\SWApi.Services.Contracts.csproj", "{53D9A796-3DCA-48C0-A69E-48DA95FF5F84}"
EndProject
Project("{FAE04EC0-301F-11D3-BF4B-00C04F79EFBC}") = "SWApi.Services.Impl", "SWApi.Services.Impl\SWApi.Services.Impl.csproj", "{D455A897-4E1F-42B5-BEC7-26621A83A8AE}"
EndProject
Project("{FAE04EC0-301F-11D3-BF4B-00C04F79EFBC}") = "SWApi.Enums", "SWApi.Enums\SWApi.Enums.csproj", "{9C2CB4FF-611C-4A76-9AEB-17698A793C2F}"
EndProject
Global
	GlobalSection(SolutionConfigurationPlatforms) = preSolution
		Debug|Any CPU = Debug|Any CPU
		Release|Any CPU = Release|Any CPU
	EndGlobalSection
	GlobalSection(ProjectConfigurationPlatforms) = postSolution
		{7D357CAF-D191-4711-A158-5CCBD05174C1}.Debug|Any CPU.ActiveCfg = Debug|Any CPU
		{7D357CAF-D191-4711-A158-5CCBD05174C1}.Debug|Any CPU.Build.0 = Debug|Any CPU
		{7D357CAF-D191-4711-A158-5CCBD05174C1}.Release|Any CPU.ActiveCfg = Release|Any CPU
		{7D357CAF-D191-4711-A158-5CCBD05174C1}.Release|Any CPU.Build.0 = Release|Any CPU
		{8E450B25-C3EC-4489-9D4C-A1B9B4EFB162}.Debug|Any CPU.ActiveCfg = Debug|Any CPU
		{8E450B25-C3EC-4489-9D4C-A1B9B4EFB162}.Debug|Any CPU.Build.0 = Debug|Any CPU
		{8E450B25-C3EC-4489-9D4C-A1B9B4EFB162}.Release|Any CPU.ActiveCfg = Release|Any CPU
		{8E450B25-C3EC-4489-9D4C-A1B9B4EFB162}.Release|Any CPU.Build.0 = Release|Any CPU
		{9ABCF7F1-042D-45D7-821C-0332BD3AB25E}.Debug|Any CPU.ActiveCfg = Debug|Any CPU
		{9ABCF7F1-042D-45D7-821C-0332BD3AB25E}.Debug|Any CPU.Build.0 = Debug|Any CPU
		{9ABCF7F1-042D-45D7-821C-0332BD3AB25E}.Release|Any CPU.ActiveCfg = Release|Any CPU
		{9ABCF7F1-042D-45D7-821C-0332BD3AB25E}.Release|Any CPU.Build.0 = Release|Any CPU
		{FEEB04F6-FE91-4CCA-88D9-84C3CC531783}.Debug|Any CPU.ActiveCfg = Debug|Any CPU
		{FEEB04F6-FE91-4CCA-88D9-84C3CC531783}.Debug|Any CPU.Build.0 = Debug|Any CPU
		{FEEB04F6-FE91-4CCA-88D9-84C3CC531783}.Release|Any CPU.ActiveCfg = Release|Any CPU
		{FEEB04F6-FE91-4CCA-88D9-84C3CC531783}.Release|Any CPU.Build.0 = Release|Any CPU
		{531C76E2-2FD2-476E-8EB9-1C6DB0F169F0}.Debug|Any CPU.ActiveCfg = Debug|Any CPU
		{531C76E2-2FD2-476E-8EB9-1C6DB0F169F0}.Debug|Any CPU.Build.0 = Debug|Any CPU
		{531C76E2-2FD2-476E-8EB9-1C6DB0F169F0}.Release|Any CPU.ActiveCfg = Release|Any CPU
		{531C76E2-2FD2-476E-8EB9-1C6DB0F169F0}.Release|Any CPU.Build.0 = Release|Any CPU
		{BFF8591F-A832-4618-ADE4-70E818F535D9}.Debug|Any CPU.ActiveCfg = Debug|Any CPU
		{BFF8591F-A832-4618-ADE4-70E818F535D9}.Debug|Any CPU.Build.0 = Debug|Any CPU
		{BFF8591F-A832-4618-ADE4-70E818F535D9}.Release|Any CPU.ActiveCfg = Release|Any CPU
		{BFF8591F-A832-4618-ADE4-70E818F535D9}.Release|Any CPU.Build.0 = Release|Any CPU
		{53D9A796-3DCA-48C0-A69E-48DA95FF5F84}.Debug|Any CPU.ActiveCfg = Debug|Any CPU
		{53D9A796-3DCA-48C0-A69E-48DA95FF5F84}.Debug|Any CPU.Build.0 = Debug|Any CPU
		{53D9A796-3DCA-48C0-A69E-48DA95FF5F84}.Release|Any CPU.ActiveCfg = Release|Any CPU
		{53D9A796-3DCA-48C0-A69E-48DA95FF5F84}.Release|Any CPU.Build.0 = Release|Any CPU
		{D455A897-4E1F-42B5-BEC7-26621A83A8AE}.Debug|Any CPU.ActiveCfg = Debug|Any CPU
		{D455A897-4E1F-42B5-BEC7-26621A83A8AE}.Debug|Any CPU.Build.0 = Debug|Any CPU
		{D455A897-4E1F-42B5-BEC7-26621A83A8AE}.Release|Any CPU.ActiveCfg = Release|Any CPU
		{D455A897-4E1F-42B5-BEC7-26621A83A8AE}.Release|Any CPU.Build.0 = Release|Any CPU
		{9C2CB4FF-611C-4A76-9AEB-17698A793C2F}.Debug|Any CPU.ActiveCfg = Debug|Any CPU
		{9C2CB4FF-611C-4A76-9AEB-17698A793C2F}.Debug|Any CPU.Build.0 = Debug|Any CPU
		{9C2CB4FF-611C-4A76-9AEB-17698A793C2F}.Release|Any CPU.ActiveCfg = Release|Any CPU
		{9C2CB4FF-611C-4A76-9AEB-17698A793C2F}.Release|Any CPU.Build.0 = Release|Any CPU
	EndGlobalSection
	GlobalSection(SolutionProperties) = preSolution
		HideSolutionNode = FALSE
	EndGlobalSection
	GlobalSection(NestedProjects) = preSolution
		{7D357CAF-D191-4711-A158-5CCBD05174C1} = {DCBF07CE-BBE0-4635-B722-744D2CC8CE12}
		{8E450B25-C3EC-4489-9D4C-A1B9B4EFB162} = {915318C5-CE25-4E87-B365-73DDC5C29E10}
		{9ABCF7F1-042D-45D7-821C-0332BD3AB25E} = {915318C5-CE25-4E87-B365-73DDC5C29E10}
		{FEEB04F6-FE91-4CCA-88D9-84C3CC531783} = {BC78A76A-5F6F-4E9B-99A6-EFFE35880C5D}
		{531C76E2-2FD2-476E-8EB9-1C6DB0F169F0} = {B8E3A697-24C0-4A92-BD40-678869E498B1}
		{BFF8591F-A832-4618-ADE4-70E818F535D9} = {B8E3A697-24C0-4A92-BD40-678869E498B1}
		{53D9A796-3DCA-48C0-A69E-48DA95FF5F84} = {81E1C4BB-F3AE-4106-A348-966AD21236B8}
		{D455A897-4E1F-42B5-BEC7-26621A83A8AE} = {81E1C4BB-F3AE-4106-A348-966AD21236B8}
		{9C2CB4FF-611C-4A76-9AEB-17698A793C2F} = {E1446377-8183-43C5-8345-D8AD766564C8}
	EndGlobalSection
	GlobalSection(ExtensibilityGlobals) = postSolution
		SolutionGuid = {14ACE909-9521-40AE-A0E7-507772F6D426}
	EndGlobalSection
EndGlobal
